
Microsoft Visual Studio Solution File, Format Version 12.00
# Visual Studio Version 16
VisualStudioVersion = 16.0.31321.278
MinimumVisualStudioVersion = 10.0.40219.1
Project("{9A19103F-16F7-4668-BE54-9A1E7A4F7556}") = "SeleniumConcepts2", "SeleniumConcepts2\SeleniumConcepts2.csproj", "{FDC0530D-D8BB-4981-86EC-EC7F921B3480}"
EndProject
Global
	GlobalSection(SolutionConfigurationPlatforms) = preSolution
		Debug|Any CPU = Debug|Any CPU
		Release|Any CPU = Release|Any CPU
	EndGlobalSection
	GlobalSection(ProjectConfigurationPlatforms) = postSolution
		{FDC0530D-D8BB-4981-86EC-EC7F921B3480}.Debug|Any CPU.ActiveCfg = Debug|Any CPU
		{FDC0530D-D8BB-4981-86EC-EC7F921B3480}.Debug|Any CPU.Build.0 = Debug|Any CPU
		{FDC0530D-D8BB-4981-86EC-EC7F921B3480}.Release|Any CPU.ActiveCfg = Release|Any CPU
		{FDC0530D-D8BB-4981-86EC-EC7F921B3480}.Release|Any CPU.Build.0 = Release|Any CPU
	EndGlobalSection
	GlobalSection(SolutionProperties) = preSolution
		HideSolutionNode = FALSE
	EndGlobalSection
	GlobalSection(ExtensibilityGlobals) = postSolution
		SolutionGuid = {A75D1EC0-546F-4631-897A-50E2770392F2}
	EndGlobalSection
EndGlobal
